
Microsoft Visual Studio Solution File, Format Version 12.00
# Visual Studio Version 17
VisualStudioVersion = 17.8.34408.163
MinimumVisualStudioVersion = 10.0.40219.1
Project("{8BC9CEB8-8B4A-11D0-8D11-00A0C91BC942}") = "Space Shooter", "Space Shooter\Space Shooter.vcxproj", "{B6C9ADF6-33C4-49D2-B418-6703F0F51B0C}"
EndProject
Global
	GlobalSection(SolutionConfigurationPlatforms) = preSolution
		Debug|x64 = Debug|x64
		Debug|x86 = Debug|x86
		Release|x64 = Release|x64
		Release|x86 = Release|x86
	EndGlobalSection
	GlobalSection(ProjectConfigurationPlatforms) = postSolution
		{B6C9ADF6-33C4-49D2-B418-6703F0F51B0C}.Debug|x64.ActiveCfg = Debug|x64
		{B6C9ADF6-33C4-49D2-B418-6703F0F51B0C}.Debug|x64.Build.0 = Debug|x64
		{B6C9ADF6-33C4-49D2-B418-6703F0F51B0C}.Debug|x86.ActiveCfg = Debug|Win32
		{B6C9ADF6-33C4-49D2-B418-6703F0F51B0C}.Debug|x86.Build.0 = Debug|Win32
		{B6C9ADF6-33C4-49D2-B418-6703F0F51B0C}.Release|x64.ActiveCfg = Release|x64
		{B6C9ADF6-33C4-49D2-B418-6703F0F51B0C}.Release|x64.Build.0 = Release|x64
		{B6C9ADF6-33C4-49D2-B418-6703F0F51B0C}.Release|x86.ActiveCfg = Release|Win32
		{B6C9ADF6-33C4-49D2-B418-6703F0F51B0C}.Release|x86.Build.0 = Release|Win32
	EndGlobalSection
	GlobalSection(SolutionProperties) = preSolution
		HideSolutionNode = FALSE
	EndGlobalSection
	GlobalSection(ExtensibilityGlobals) = postSolution
		SolutionGuid = {4097F95F-B6E7-4648-A82D-EDAECA6F147E}
	EndGlobalSection
EndGlobal
